
Microsoft Visual Studio Solution File, Format Version 12.00
# Visual Studio Version 16
VisualStudioVersion = 16.0.31321.278
MinimumVisualStudioVersion = 10.0.40219.1
Project("{FAE04EC0-301F-11D3-BF4B-00C04F79EFBC}") = "democonsoleatin", "democonsoleatin\democonsoleatin.csproj", "{48CC5D2D-42AB-4DA9-835A-141B7F3DD4AA}"
EndProject
Global
	GlobalSection(SolutionConfigurationPlatforms) = preSolution
		Debug|Any CPU = Debug|Any CPU
		Release|Any CPU = Release|Any CPU
	EndGlobalSection
	GlobalSection(ProjectConfigurationPlatforms) = postSolution
		{48CC5D2D-42AB-4DA9-835A-141B7F3DD4AA}.Debug|Any CPU.ActiveCfg = Debug|Any CPU
		{48CC5D2D-42AB-4DA9-835A-141B7F3DD4AA}.Debug|Any CPU.Build.0 = Debug|Any CPU
		{48CC5D2D-42AB-4DA9-835A-141B7F3DD4AA}.Release|Any CPU.ActiveCfg = Release|Any CPU
		{48CC5D2D-42AB-4DA9-835A-141B7F3DD4AA}.Release|Any CPU.Build.0 = Release|Any CPU
	EndGlobalSection
	GlobalSection(SolutionProperties) = preSolution
		HideSolutionNode = FALSE
	EndGlobalSection
	GlobalSection(ExtensibilityGlobals) = postSolution
		SolutionGuid = {426C0583-CEA6-4FDF-8E32-8CEB182C0D0A}
	EndGlobalSection
EndGlobal
